
Microsoft Visual Studio Solution File, Format Version 12.00
# Visual Studio Version 17
VisualStudioVersion = 17.0.31903.59
MinimumVisualStudioVersion = 10.0.40219.1
Project("{FAE04EC0-301F-11D3-BF4B-00C04F79EFBC}") = "Biblioteca", "Biblioteca.csproj", "{22B94DA8-416F-47BC-AF00-F4A79031E441}"
EndProject
Project("{FAE04EC0-301F-11D3-BF4B-00C04F79EFBC}") = "Carte", "..\ClassLibrary\Carte.csproj", "{42AB2A15-F972-4026-A300-69DD38B2BCA7}"
EndProject
Project("{FAE04EC0-301F-11D3-BF4B-00C04F79EFBC}") = "Persoana", "..\Persoana\Persoana.csproj", "{5CC1F161-1110-4711-A2C8-614213A350A8}"
EndProject
Project("{FAE04EC0-301F-11D3-BF4B-00C04F79EFBC}") = "Imprumut", "..\Imprumut\Imprumut.csproj", "{82458B85-E0D6-4EB3-B7B4-9EFDB51F8284}"
EndProject
Project("{FAE04EC0-301F-11D3-BF4B-00C04F79EFBC}") = "FormAfisareCarti", "..\Form_Afisare\FormAfisareCarti.csproj", "{AF5F01A0-FBF2-45E0-A431-F8FAA05D97E2}"
EndProject
Project("{FAE04EC0-301F-11D3-BF4B-00C04F79EFBC}") = "FormAdaugareCarte", "..\FormAdaugareCarte\FormAdaugareCarte.csproj", "{68DBBB1E-F062-457E-B2F7-4168B2D91BCF}"
EndProject
Project("{FAE04EC0-301F-11D3-BF4B-00C04F79EFBC}") = "FormAdaugarePersoana", "..\FormAdaugarePersoana\FormAdaugarePersoana.csproj", "{6AC06A16-AF11-4F94-B4C5-B7B8B28D7CEF}"
EndProject
Project("{2150E333-8FDC-42A3-9474-1A3956D46DE8}") = "Solution Items", "Solution Items", "{EF1062E2-2CDC-4B6F-879E-58861EC39B86}"
	ProjectSection(SolutionItems) = preProject
		..\Biblioteca.txt = ..\Biblioteca.txt
		..\Persoane.txt = ..\Persoane.txt
	EndProjectSection
EndProject
Global
	GlobalSection(SolutionConfigurationPlatforms) = preSolution
		Debug|Any CPU = Debug|Any CPU
		Release|Any CPU = Release|Any CPU
	EndGlobalSection
	GlobalSection(ProjectConfigurationPlatforms) = postSolution
		{22B94DA8-416F-47BC-AF00-F4A79031E441}.Debug|Any CPU.ActiveCfg = Debug|Any CPU
		{22B94DA8-416F-47BC-AF00-F4A79031E441}.Debug|Any CPU.Build.0 = Debug|Any CPU
		{22B94DA8-416F-47BC-AF00-F4A79031E441}.Release|Any CPU.ActiveCfg = Release|Any CPU
		{22B94DA8-416F-47BC-AF00-F4A79031E441}.Release|Any CPU.Build.0 = Release|Any CPU
		{42AB2A15-F972-4026-A300-69DD38B2BCA7}.Debug|Any CPU.ActiveCfg = Debug|Any CPU
		{42AB2A15-F972-4026-A300-69DD38B2BCA7}.Debug|Any CPU.Build.0 = Debug|Any CPU
		{42AB2A15-F972-4026-A300-69DD38B2BCA7}.Release|Any CPU.ActiveCfg = Release|Any CPU
		{42AB2A15-F972-4026-A300-69DD38B2BCA7}.Release|Any CPU.Build.0 = Release|Any CPU
		{5CC1F161-1110-4711-A2C8-614213A350A8}.Debug|Any CPU.ActiveCfg = Debug|Any CPU
		{5CC1F161-1110-4711-A2C8-614213A350A8}.Debug|Any CPU.Build.0 = Debug|Any CPU
		{5CC1F161-1110-4711-A2C8-614213A350A8}.Release|Any CPU.ActiveCfg = Release|Any CPU
		{5CC1F161-1110-4711-A2C8-614213A350A8}.Release|Any CPU.Build.0 = Release|Any CPU
		{82458B85-E0D6-4EB3-B7B4-9EFDB51F8284}.Debug|Any CPU.ActiveCfg = Debug|Any CPU
		{82458B85-E0D6-4EB3-B7B4-9EFDB51F8284}.Debug|Any CPU.Build.0 = Debug|Any CPU
		{82458B85-E0D6-4EB3-B7B4-9EFDB51F8284}.Release|Any CPU.ActiveCfg = Release|Any CPU
		{82458B85-E0D6-4EB3-B7B4-9EFDB51F8284}.Release|Any CPU.Build.0 = Release|Any CPU
		{AF5F01A0-FBF2-45E0-A431-F8FAA05D97E2}.Debug|Any CPU.ActiveCfg = Debug|Any CPU
		{AF5F01A0-FBF2-45E0-A431-F8FAA05D97E2}.Debug|Any CPU.Build.0 = Debug|Any CPU
		{AF5F01A0-FBF2-45E0-A431-F8FAA05D97E2}.Release|Any CPU.ActiveCfg = Release|Any CPU
		{AF5F01A0-FBF2-45E0-A431-F8FAA05D97E2}.Release|Any CPU.Build.0 = Release|Any CPU
		{68DBBB1E-F062-457E-B2F7-4168B2D91BCF}.Debug|Any CPU.ActiveCfg = Debug|Any CPU
		{68DBBB1E-F062-457E-B2F7-4168B2D91BCF}.Debug|Any CPU.Build.0 = Debug|Any CPU
		{68DBBB1E-F062-457E-B2F7-4168B2D91BCF}.Release|Any CPU.ActiveCfg = Release|Any CPU
		{68DBBB1E-F062-457E-B2F7-4168B2D91BCF}.Release|Any CPU.Build.0 = Release|Any CPU
		{6AC06A16-AF11-4F94-B4C5-B7B8B28D7CEF}.Debug|Any CPU.ActiveCfg = Debug|Any CPU
		{6AC06A16-AF11-4F94-B4C5-B7B8B28D7CEF}.Debug|Any CPU.Build.0 = Debug|Any CPU
		{6AC06A16-AF11-4F94-B4C5-B7B8B28D7CEF}.Release|Any CPU.ActiveCfg = Release|Any CPU
		{6AC06A16-AF11-4F94-B4C5-B7B8B28D7CEF}.Release|Any CPU.Build.0 = Release|Any CPU
	EndGlobalSection
	GlobalSection(SolutionProperties) = preSolution
		HideSolutionNode = FALSE
	EndGlobalSection
	GlobalSection(ExtensibilityGlobals) = postSolution
		SolutionGuid = {3DC901B0-A158-4228-97E5-20D6900FDDE2}
	EndGlobalSection
EndGlobal
